
Microsoft Visual Studio Solution File, Format Version 12.00
# Visual Studio Version 16
VisualStudioVersion = 16.0.31005.135
MinimumVisualStudioVersion = 10.0.40219.1
Project("{FAE04EC0-301F-11D3-BF4B-00C04F79EFBC}") = "MyMovieApp", "MyMovieApp\MyMovieApp.csproj", "{3164B765-DC90-41E5-A2BC-A160CA708400}"
EndProject
Project("{FAE04EC0-301F-11D3-BF4B-00C04F79EFBC}") = "MyMovieData", "MyMovieData\MyMovieData.csproj", "{2A63947C-31C4-4646-8136-272DCE9031D7}"
EndProject
Project("{FAE04EC0-301F-11D3-BF4B-00C04F79EFBC}") = "MyMovieBusiness", "MyMovieBusiness\MyMovieBusiness.csproj", "{4A5730BA-7D63-4E1D-9379-B2A39B291F49}"
EndProject
Project("{FAE04EC0-301F-11D3-BF4B-00C04F79EFBC}") = "MyMovieService", "MyMovieService\MyMovieService.csproj", "{A33A1901-1A1B-4BB5-B179-BB9F02B54412}"
EndProject
Global
	GlobalSection(SolutionConfigurationPlatforms) = preSolution
		Debug|Any CPU = Debug|Any CPU
		Release|Any CPU = Release|Any CPU
	EndGlobalSection
	GlobalSection(ProjectConfigurationPlatforms) = postSolution
		{3164B765-DC90-41E5-A2BC-A160CA708400}.Debug|Any CPU.ActiveCfg = Debug|Any CPU
		{3164B765-DC90-41E5-A2BC-A160CA708400}.Debug|Any CPU.Build.0 = Debug|Any CPU
		{3164B765-DC90-41E5-A2BC-A160CA708400}.Release|Any CPU.ActiveCfg = Release|Any CPU
		{3164B765-DC90-41E5-A2BC-A160CA708400}.Release|Any CPU.Build.0 = Release|Any CPU
		{2A63947C-31C4-4646-8136-272DCE9031D7}.Debug|Any CPU.ActiveCfg = Debug|Any CPU
		{2A63947C-31C4-4646-8136-272DCE9031D7}.Debug|Any CPU.Build.0 = Debug|Any CPU
		{2A63947C-31C4-4646-8136-272DCE9031D7}.Release|Any CPU.ActiveCfg = Release|Any CPU
		{2A63947C-31C4-4646-8136-272DCE9031D7}.Release|Any CPU.Build.0 = Release|Any CPU
		{4A5730BA-7D63-4E1D-9379-B2A39B291F49}.Debug|Any CPU.ActiveCfg = Debug|Any CPU
		{4A5730BA-7D63-4E1D-9379-B2A39B291F49}.Debug|Any CPU.Build.0 = Debug|Any CPU
		{4A5730BA-7D63-4E1D-9379-B2A39B291F49}.Release|Any CPU.ActiveCfg = Release|Any CPU
		{4A5730BA-7D63-4E1D-9379-B2A39B291F49}.Release|Any CPU.Build.0 = Release|Any CPU
		{A33A1901-1A1B-4BB5-B179-BB9F02B54412}.Debug|Any CPU.ActiveCfg = Debug|Any CPU
		{A33A1901-1A1B-4BB5-B179-BB9F02B54412}.Debug|Any CPU.Build.0 = Debug|Any CPU
		{A33A1901-1A1B-4BB5-B179-BB9F02B54412}.Release|Any CPU.ActiveCfg = Release|Any CPU
		{A33A1901-1A1B-4BB5-B179-BB9F02B54412}.Release|Any CPU.Build.0 = Release|Any CPU
	EndGlobalSection
	GlobalSection(SolutionProperties) = preSolution
		HideSolutionNode = FALSE
	EndGlobalSection
	GlobalSection(ExtensibilityGlobals) = postSolution
		SolutionGuid = {52A42F5B-45DD-492C-B08E-F173B413984C}
	EndGlobalSection
EndGlobal
