
Microsoft Visual Studio Solution File, Format Version 12.00
# Visual Studio Version 16
VisualStudioVersion = 16.0.31005.135
MinimumVisualStudioVersion = 10.0.40219.1
Project("{FAE04EC0-301F-11D3-BF4B-00C04F79EFBC}") = "ParallelAsyncDemo", "ParallelAsyncDemo\ParallelAsyncDemo.csproj", "{D65837D4-4208-4AE2-AEFC-5D849DDFB7DC}"
EndProject
Global
	GlobalSection(SolutionConfigurationPlatforms) = preSolution
		Debug|Any CPU = Debug|Any CPU
		Release|Any CPU = Release|Any CPU
	EndGlobalSection
	GlobalSection(ProjectConfigurationPlatforms) = postSolution
		{D65837D4-4208-4AE2-AEFC-5D849DDFB7DC}.Debug|Any CPU.ActiveCfg = Debug|Any CPU
		{D65837D4-4208-4AE2-AEFC-5D849DDFB7DC}.Debug|Any CPU.Build.0 = Debug|Any CPU
		{D65837D4-4208-4AE2-AEFC-5D849DDFB7DC}.Release|Any CPU.ActiveCfg = Release|Any CPU
		{D65837D4-4208-4AE2-AEFC-5D849DDFB7DC}.Release|Any CPU.Build.0 = Release|Any CPU
	EndGlobalSection
	GlobalSection(SolutionProperties) = preSolution
		HideSolutionNode = FALSE
	EndGlobalSection
	GlobalSection(ExtensibilityGlobals) = postSolution
		SolutionGuid = {CDA36368-A182-474C-8464-2C5289BDE4DB}
	EndGlobalSection
EndGlobal
